
Microsoft Visual Studio Solution File, Format Version 12.00
# Visual Studio Version 16
VisualStudioVersion = 16.0.30621.155
MinimumVisualStudioVersion = 10.0.40219.1
Project("{FAE04EC0-301F-11D3-BF4B-00C04F79EFBC}") = "MonopolyTempGUI", "MonopolyTempGUI.csproj", "{45EB876A-0559-4709-B8F9-AA083A4BE8F5}"
EndProject
Global
	GlobalSection(SolutionConfigurationPlatforms) = preSolution
		Debug|Any CPU = Debug|Any CPU
		Release|Any CPU = Release|Any CPU
	EndGlobalSection
	GlobalSection(ProjectConfigurationPlatforms) = postSolution
		{45EB876A-0559-4709-B8F9-AA083A4BE8F5}.Debug|Any CPU.ActiveCfg = Debug|Any CPU
		{45EB876A-0559-4709-B8F9-AA083A4BE8F5}.Debug|Any CPU.Build.0 = Debug|Any CPU
		{45EB876A-0559-4709-B8F9-AA083A4BE8F5}.Release|Any CPU.ActiveCfg = Release|Any CPU
		{45EB876A-0559-4709-B8F9-AA083A4BE8F5}.Release|Any CPU.Build.0 = Release|Any CPU
	EndGlobalSection
	GlobalSection(SolutionProperties) = preSolution
		HideSolutionNode = FALSE
	EndGlobalSection
	GlobalSection(ExtensibilityGlobals) = postSolution
		SolutionGuid = {1AC24EE7-0FCF-48C5-9785-5B4F677EAE88}
	EndGlobalSection
EndGlobal
